
Microsoft Visual Studio Solution File, Format Version 12.00
# Visual Studio Version 17
VisualStudioVersion = 17.1.32210.238
MinimumVisualStudioVersion = 10.0.40219.1
Project("{2150E333-8FDC-42A3-9474-1A3956D46DE8}") = "share", "share", "{AEC325FD-DE0A-4339-A1FC-C955E8167041}"
EndProject
Project("{2150E333-8FDC-42A3-9474-1A3956D46DE8}") = "src", "src", "{8FC859B5-550B-4F89-9AB1-5CBAA544F78A}"
EndProject
Project("{9A19103F-16F7-4668-BE54-9A1E7A4F7556}") = "ApiGateway", "share\ApiGateway\ApiGateway.csproj", "{827BE4CB-9993-463F-8A6A-1712B475EDF0}"
EndProject
Project("{2150E333-8FDC-42A3-9474-1A3956D46DE8}") = "auth-service", "auth-service", "{B8876B3B-0E7F-4E76-A9D9-F4996F9AAC9C}"
EndProject
Project("{9A19103F-16F7-4668-BE54-9A1E7A4F7556}") = "AuthService.API", "src\auth-service\AuthService.API\AuthService.API.csproj", "{3DA296AA-1D4D-4D5C-BF50-5FB726E81CF1}"
EndProject
Project("{2150E333-8FDC-42A3-9474-1A3956D46DE8}") = "chat-service", "chat-service", "{697210E0-6CBD-4DF4-8C01-1E3015602840}"
EndProject
Project("{9A19103F-16F7-4668-BE54-9A1E7A4F7556}") = "ChatService.API", "src\chat-service\ChatService.API\ChatService.API.csproj", "{664EB297-F9E9-4B2F-9544-7220F4C8AC4C}"
EndProject
Project("{2150E333-8FDC-42A3-9474-1A3956D46DE8}") = "notfication-service", "notfication-service", "{1BC63D4E-46BC-4C44-8B99-13786CADAC29}"
EndProject
Project("{9A19103F-16F7-4668-BE54-9A1E7A4F7556}") = "Notfication.API", "src\notfication-service\Notfication.API\Notfication.API.csproj", "{DE177DB0-01D9-480A-B734-DA82FE6C0FEC}"
EndProject
Project("{2150E333-8FDC-42A3-9474-1A3956D46DE8}") = "post-service", "post-service", "{F7E7CED8-942C-42BC-8FA4-B9967914A3DA}"
EndProject
Project("{2150E333-8FDC-42A3-9474-1A3956D46DE8}") = "Core", "Core", "{1C159406-9F48-4571-9FD0-5FA744A2604C}"
EndProject
Project("{2150E333-8FDC-42A3-9474-1A3956D46DE8}") = "Infrastructure", "Infrastructure", "{1C5063CD-782E-465B-ABEC-A33341E1717F}"
EndProject
Project("{2150E333-8FDC-42A3-9474-1A3956D46DE8}") = "Presentation", "Presentation", "{504298BA-E4A1-4DDF-8C81-4750F9633B8C}"
EndProject
Project("{9A19103F-16F7-4668-BE54-9A1E7A4F7556}") = "PostService.Domain", "src\post-service\Core\PostService.Domain\PostService.Domain.csproj", "{90166189-3FF1-4F35-AC2A-0759EE5AA2C7}"
EndProject
Project("{9A19103F-16F7-4668-BE54-9A1E7A4F7556}") = "PostService.Infrastructure", "src\post-service\Infrastructure\PostService.Infrastructure\PostService.Infrastructure.csproj", "{65D4C4BD-57E3-474E-9171-568BD40932E5}"
EndProject
Project("{9A19103F-16F7-4668-BE54-9A1E7A4F7556}") = "PostService.Persistence", "src\post-service\Infrastructure\PostService.Persistence\PostService.Persistence.csproj", "{012CA297-AD56-41F4-AC11-6F7F5609BC9E}"
EndProject
Project("{9A19103F-16F7-4668-BE54-9A1E7A4F7556}") = "PostService.API", "src\post-service\Presentation\PostService.API\PostService.API.csproj", "{761848F3-130B-42FF-A9EB-3D719EA7AA16}"
EndProject
Project("{9A19103F-16F7-4668-BE54-9A1E7A4F7556}") = "PostService.Repository", "src\post-service\Infrastructure\PostService.Repository\PostService.Repository.csproj", "{84EBB4D7-502C-44C9-9827-6B5B3935A304}"
EndProject
Project("{9A19103F-16F7-4668-BE54-9A1E7A4F7556}") = "PostService.Application", "src\post-service\Infrastructure\PostService.Application\PostService.Application.csproj", "{5EC9828B-19D6-4B83-83D6-A26A61AC7E97}"
EndProject
Project("{9A19103F-16F7-4668-BE54-9A1E7A4F7556}") = "PostService.Interfaces", "src\post-service\Core\PostService.Interfaces\PostService.Interfaces.csproj", "{7BF72621-D4F0-478D-9200-7BA0EFD7C045}"
EndProject
Project("{2150E333-8FDC-42A3-9474-1A3956D46DE8}") = "file-service", "file-service", "{4243026A-7F04-465E-BAB1-A704D8B4EED5}"
EndProject
Project("{9A19103F-16F7-4668-BE54-9A1E7A4F7556}") = "FileService.API", "src\file-service\FileService.API\FileService.API.csproj", "{C868D194-85BC-4CE9-A0E4-FAF5F36910E0}"
EndProject
Project("{2150E333-8FDC-42A3-9474-1A3956D46DE8}") = "message-contracts", "message-contracts", "{FD8F09DE-9F92-4161-BA96-4A5E20EE7D6A}"
EndProject
Project("{FAE04EC0-301F-11D3-BF4B-00C04F79EFBC}") = "Aniverse.MessageContracts", "share\message-contracts\Aniverse.MessageContracts\Aniverse.MessageContracts.csproj", "{F5017519-B88D-4E4B-938F-F95E9AD61A6B}"
EndProject
Global
	GlobalSection(SolutionConfigurationPlatforms) = preSolution
		Debug|Any CPU = Debug|Any CPU
		Release|Any CPU = Release|Any CPU
	EndGlobalSection
	GlobalSection(ProjectConfigurationPlatforms) = postSolution
		{827BE4CB-9993-463F-8A6A-1712B475EDF0}.Debug|Any CPU.ActiveCfg = Debug|Any CPU
		{827BE4CB-9993-463F-8A6A-1712B475EDF0}.Debug|Any CPU.Build.0 = Debug|Any CPU
		{827BE4CB-9993-463F-8A6A-1712B475EDF0}.Release|Any CPU.ActiveCfg = Release|Any CPU
		{827BE4CB-9993-463F-8A6A-1712B475EDF0}.Release|Any CPU.Build.0 = Release|Any CPU
		{3DA296AA-1D4D-4D5C-BF50-5FB726E81CF1}.Debug|Any CPU.ActiveCfg = Debug|Any CPU
		{3DA296AA-1D4D-4D5C-BF50-5FB726E81CF1}.Debug|Any CPU.Build.0 = Debug|Any CPU
		{3DA296AA-1D4D-4D5C-BF50-5FB726E81CF1}.Release|Any CPU.ActiveCfg = Release|Any CPU
		{3DA296AA-1D4D-4D5C-BF50-5FB726E81CF1}.Release|Any CPU.Build.0 = Release|Any CPU
		{664EB297-F9E9-4B2F-9544-7220F4C8AC4C}.Debug|Any CPU.ActiveCfg = Debug|Any CPU
		{664EB297-F9E9-4B2F-9544-7220F4C8AC4C}.Debug|Any CPU.Build.0 = Debug|Any CPU
		{664EB297-F9E9-4B2F-9544-7220F4C8AC4C}.Release|Any CPU.ActiveCfg = Release|Any CPU
		{664EB297-F9E9-4B2F-9544-7220F4C8AC4C}.Release|Any CPU.Build.0 = Release|Any CPU
		{DE177DB0-01D9-480A-B734-DA82FE6C0FEC}.Debug|Any CPU.ActiveCfg = Debug|Any CPU
		{DE177DB0-01D9-480A-B734-DA82FE6C0FEC}.Debug|Any CPU.Build.0 = Debug|Any CPU
		{DE177DB0-01D9-480A-B734-DA82FE6C0FEC}.Release|Any CPU.ActiveCfg = Release|Any CPU
		{DE177DB0-01D9-480A-B734-DA82FE6C0FEC}.Release|Any CPU.Build.0 = Release|Any CPU
		{90166189-3FF1-4F35-AC2A-0759EE5AA2C7}.Debug|Any CPU.ActiveCfg = Debug|Any CPU
		{90166189-3FF1-4F35-AC2A-0759EE5AA2C7}.Debug|Any CPU.Build.0 = Debug|Any CPU
		{90166189-3FF1-4F35-AC2A-0759EE5AA2C7}.Release|Any CPU.ActiveCfg = Release|Any CPU
		{90166189-3FF1-4F35-AC2A-0759EE5AA2C7}.Release|Any CPU.Build.0 = Release|Any CPU
		{65D4C4BD-57E3-474E-9171-568BD40932E5}.Debug|Any CPU.ActiveCfg = Debug|Any CPU
		{65D4C4BD-57E3-474E-9171-568BD40932E5}.Debug|Any CPU.Build.0 = Debug|Any CPU
		{65D4C4BD-57E3-474E-9171-568BD40932E5}.Release|Any CPU.ActiveCfg = Release|Any CPU
		{65D4C4BD-57E3-474E-9171-568BD40932E5}.Release|Any CPU.Build.0 = Release|Any CPU
		{012CA297-AD56-41F4-AC11-6F7F5609BC9E}.Debug|Any CPU.ActiveCfg = Debug|Any CPU
		{012CA297-AD56-41F4-AC11-6F7F5609BC9E}.Debug|Any CPU.Build.0 = Debug|Any CPU
		{012CA297-AD56-41F4-AC11-6F7F5609BC9E}.Release|Any CPU.ActiveCfg = Release|Any CPU
		{012CA297-AD56-41F4-AC11-6F7F5609BC9E}.Release|Any CPU.Build.0 = Release|Any CPU
		{761848F3-130B-42FF-A9EB-3D719EA7AA16}.Debug|Any CPU.ActiveCfg = Debug|Any CPU
		{761848F3-130B-42FF-A9EB-3D719EA7AA16}.Debug|Any CPU.Build.0 = Debug|Any CPU
		{761848F3-130B-42FF-A9EB-3D719EA7AA16}.Release|Any CPU.ActiveCfg = Release|Any CPU
		{761848F3-130B-42FF-A9EB-3D719EA7AA16}.Release|Any CPU.Build.0 = Release|Any CPU
		{84EBB4D7-502C-44C9-9827-6B5B3935A304}.Debug|Any CPU.ActiveCfg = Debug|Any CPU
		{84EBB4D7-502C-44C9-9827-6B5B3935A304}.Debug|Any CPU.Build.0 = Debug|Any CPU
		{84EBB4D7-502C-44C9-9827-6B5B3935A304}.Release|Any CPU.ActiveCfg = Release|Any CPU
		{84EBB4D7-502C-44C9-9827-6B5B3935A304}.Release|Any CPU.Build.0 = Release|Any CPU
		{5EC9828B-19D6-4B83-83D6-A26A61AC7E97}.Debug|Any CPU.ActiveCfg = Debug|Any CPU
		{5EC9828B-19D6-4B83-83D6-A26A61AC7E97}.Debug|Any CPU.Build.0 = Debug|Any CPU
		{5EC9828B-19D6-4B83-83D6-A26A61AC7E97}.Release|Any CPU.ActiveCfg = Release|Any CPU
		{5EC9828B-19D6-4B83-83D6-A26A61AC7E97}.Release|Any CPU.Build.0 = Release|Any CPU
		{7BF72621-D4F0-478D-9200-7BA0EFD7C045}.Debug|Any CPU.ActiveCfg = Debug|Any CPU
		{7BF72621-D4F0-478D-9200-7BA0EFD7C045}.Debug|Any CPU.Build.0 = Debug|Any CPU
		{7BF72621-D4F0-478D-9200-7BA0EFD7C045}.Release|Any CPU.ActiveCfg = Release|Any CPU
		{7BF72621-D4F0-478D-9200-7BA0EFD7C045}.Release|Any CPU.Build.0 = Release|Any CPU
		{C868D194-85BC-4CE9-A0E4-FAF5F36910E0}.Debug|Any CPU.ActiveCfg = Debug|Any CPU
		{C868D194-85BC-4CE9-A0E4-FAF5F36910E0}.Debug|Any CPU.Build.0 = Debug|Any CPU
		{C868D194-85BC-4CE9-A0E4-FAF5F36910E0}.Release|Any CPU.ActiveCfg = Release|Any CPU
		{C868D194-85BC-4CE9-A0E4-FAF5F36910E0}.Release|Any CPU.Build.0 = Release|Any CPU
		{F5017519-B88D-4E4B-938F-F95E9AD61A6B}.Debug|Any CPU.ActiveCfg = Debug|Any CPU
		{F5017519-B88D-4E4B-938F-F95E9AD61A6B}.Debug|Any CPU.Build.0 = Debug|Any CPU
		{F5017519-B88D-4E4B-938F-F95E9AD61A6B}.Release|Any CPU.ActiveCfg = Release|Any CPU
		{F5017519-B88D-4E4B-938F-F95E9AD61A6B}.Release|Any CPU.Build.0 = Release|Any CPU
	EndGlobalSection
	GlobalSection(SolutionProperties) = preSolution
		HideSolutionNode = FALSE
	EndGlobalSection
	GlobalSection(NestedProjects) = preSolution
		{827BE4CB-9993-463F-8A6A-1712B475EDF0} = {AEC325FD-DE0A-4339-A1FC-C955E8167041}
		{B8876B3B-0E7F-4E76-A9D9-F4996F9AAC9C} = {8FC859B5-550B-4F89-9AB1-5CBAA544F78A}
		{3DA296AA-1D4D-4D5C-BF50-5FB726E81CF1} = {B8876B3B-0E7F-4E76-A9D9-F4996F9AAC9C}
		{697210E0-6CBD-4DF4-8C01-1E3015602840} = {8FC859B5-550B-4F89-9AB1-5CBAA544F78A}
		{664EB297-F9E9-4B2F-9544-7220F4C8AC4C} = {697210E0-6CBD-4DF4-8C01-1E3015602840}
		{1BC63D4E-46BC-4C44-8B99-13786CADAC29} = {8FC859B5-550B-4F89-9AB1-5CBAA544F78A}
		{DE177DB0-01D9-480A-B734-DA82FE6C0FEC} = {1BC63D4E-46BC-4C44-8B99-13786CADAC29}
		{F7E7CED8-942C-42BC-8FA4-B9967914A3DA} = {8FC859B5-550B-4F89-9AB1-5CBAA544F78A}
		{1C159406-9F48-4571-9FD0-5FA744A2604C} = {F7E7CED8-942C-42BC-8FA4-B9967914A3DA}
		{1C5063CD-782E-465B-ABEC-A33341E1717F} = {F7E7CED8-942C-42BC-8FA4-B9967914A3DA}
		{504298BA-E4A1-4DDF-8C81-4750F9633B8C} = {F7E7CED8-942C-42BC-8FA4-B9967914A3DA}
		{90166189-3FF1-4F35-AC2A-0759EE5AA2C7} = {1C159406-9F48-4571-9FD0-5FA744A2604C}
		{65D4C4BD-57E3-474E-9171-568BD40932E5} = {1C5063CD-782E-465B-ABEC-A33341E1717F}
		{012CA297-AD56-41F4-AC11-6F7F5609BC9E} = {1C5063CD-782E-465B-ABEC-A33341E1717F}
		{761848F3-130B-42FF-A9EB-3D719EA7AA16} = {504298BA-E4A1-4DDF-8C81-4750F9633B8C}
		{84EBB4D7-502C-44C9-9827-6B5B3935A304} = {1C5063CD-782E-465B-ABEC-A33341E1717F}
		{5EC9828B-19D6-4B83-83D6-A26A61AC7E97} = {1C5063CD-782E-465B-ABEC-A33341E1717F}
		{7BF72621-D4F0-478D-9200-7BA0EFD7C045} = {1C159406-9F48-4571-9FD0-5FA744A2604C}
		{4243026A-7F04-465E-BAB1-A704D8B4EED5} = {8FC859B5-550B-4F89-9AB1-5CBAA544F78A}
		{C868D194-85BC-4CE9-A0E4-FAF5F36910E0} = {4243026A-7F04-465E-BAB1-A704D8B4EED5}
		{FD8F09DE-9F92-4161-BA96-4A5E20EE7D6A} = {AEC325FD-DE0A-4339-A1FC-C955E8167041}
		{F5017519-B88D-4E4B-938F-F95E9AD61A6B} = {FD8F09DE-9F92-4161-BA96-4A5E20EE7D6A}
	EndGlobalSection
	GlobalSection(ExtensibilityGlobals) = postSolution
		SolutionGuid = {F7B944EC-67E1-49C4-A57C-E429820D1C51}
	EndGlobalSection
EndGlobal
