
Microsoft Visual Studio Solution File, Format Version 12.00
# Visual Studio Version 17
VisualStudioVersion = 17.1.32210.238
MinimumVisualStudioVersion = 10.0.40219.1
Project("{2150E333-8FDC-42A3-9474-1A3956D46DE8}") = "share", "share", "{AEC325FD-DE0A-4339-A1FC-C955E8167041}"
EndProject
Project("{2150E333-8FDC-42A3-9474-1A3956D46DE8}") = "src", "src", "{8FC859B5-550B-4F89-9AB1-5CBAA544F78A}"
EndProject
Project("{2150E333-8FDC-42A3-9474-1A3956D46DE8}") = "post-service", "post-service", "{BB81DFD7-2D85-44E9-A2AE-F124AD45F80D}"
EndProject
Project("{9A19103F-16F7-4668-BE54-9A1E7A4F7556}") = "ApiGateway", "share\ApiGateway\ApiGateway.csproj", "{827BE4CB-9993-463F-8A6A-1712B475EDF0}"
EndProject
Project("{2150E333-8FDC-42A3-9474-1A3956D46DE8}") = "auth-service", "auth-service", "{B8876B3B-0E7F-4E76-A9D9-F4996F9AAC9C}"
EndProject
Project("{9A19103F-16F7-4668-BE54-9A1E7A4F7556}") = "AuthService.API", "src\auth-service\AuthService.API\AuthService.API.csproj", "{3DA296AA-1D4D-4D5C-BF50-5FB726E81CF1}"
EndProject
Project("{2150E333-8FDC-42A3-9474-1A3956D46DE8}") = "chat-service", "chat-service", "{697210E0-6CBD-4DF4-8C01-1E3015602840}"
EndProject
Project("{9A19103F-16F7-4668-BE54-9A1E7A4F7556}") = "ChatService.API", "src\chat-service\ChatService.API\ChatService.API.csproj", "{664EB297-F9E9-4B2F-9544-7220F4C8AC4C}"
EndProject
Project("{2150E333-8FDC-42A3-9474-1A3956D46DE8}") = "notfication-service", "notfication-service", "{1BC63D4E-46BC-4C44-8B99-13786CADAC29}"
EndProject
Project("{9A19103F-16F7-4668-BE54-9A1E7A4F7556}") = "Notfication.API", "src\notfication-service\Notfication.API\Notfication.API.csproj", "{DE177DB0-01D9-480A-B734-DA82FE6C0FEC}"
EndProject
Global
	GlobalSection(SolutionConfigurationPlatforms) = preSolution
		Debug|Any CPU = Debug|Any CPU
		Release|Any CPU = Release|Any CPU
	EndGlobalSection
	GlobalSection(ProjectConfigurationPlatforms) = postSolution
		{827BE4CB-9993-463F-8A6A-1712B475EDF0}.Debug|Any CPU.ActiveCfg = Debug|Any CPU
		{827BE4CB-9993-463F-8A6A-1712B475EDF0}.Debug|Any CPU.Build.0 = Debug|Any CPU
		{827BE4CB-9993-463F-8A6A-1712B475EDF0}.Release|Any CPU.ActiveCfg = Release|Any CPU
		{827BE4CB-9993-463F-8A6A-1712B475EDF0}.Release|Any CPU.Build.0 = Release|Any CPU
		{3DA296AA-1D4D-4D5C-BF50-5FB726E81CF1}.Debug|Any CPU.ActiveCfg = Debug|Any CPU
		{3DA296AA-1D4D-4D5C-BF50-5FB726E81CF1}.Debug|Any CPU.Build.0 = Debug|Any CPU
		{3DA296AA-1D4D-4D5C-BF50-5FB726E81CF1}.Release|Any CPU.ActiveCfg = Release|Any CPU
		{3DA296AA-1D4D-4D5C-BF50-5FB726E81CF1}.Release|Any CPU.Build.0 = Release|Any CPU
		{664EB297-F9E9-4B2F-9544-7220F4C8AC4C}.Debug|Any CPU.ActiveCfg = Debug|Any CPU
		{664EB297-F9E9-4B2F-9544-7220F4C8AC4C}.Debug|Any CPU.Build.0 = Debug|Any CPU
		{664EB297-F9E9-4B2F-9544-7220F4C8AC4C}.Release|Any CPU.ActiveCfg = Release|Any CPU
		{664EB297-F9E9-4B2F-9544-7220F4C8AC4C}.Release|Any CPU.Build.0 = Release|Any CPU
		{DE177DB0-01D9-480A-B734-DA82FE6C0FEC}.Debug|Any CPU.ActiveCfg = Debug|Any CPU
		{DE177DB0-01D9-480A-B734-DA82FE6C0FEC}.Debug|Any CPU.Build.0 = Debug|Any CPU
		{DE177DB0-01D9-480A-B734-DA82FE6C0FEC}.Release|Any CPU.ActiveCfg = Release|Any CPU
		{DE177DB0-01D9-480A-B734-DA82FE6C0FEC}.Release|Any CPU.Build.0 = Release|Any CPU
		{A4D9BC17-71F7-452F-BFC9-5246F91CC32E}.Debug|Any CPU.ActiveCfg = Debug|Any CPU
		{A4D9BC17-71F7-452F-BFC9-5246F91CC32E}.Debug|Any CPU.Build.0 = Debug|Any CPU
		{A4D9BC17-71F7-452F-BFC9-5246F91CC32E}.Release|Any CPU.ActiveCfg = Release|Any CPU
		{A4D9BC17-71F7-452F-BFC9-5246F91CC32E}.Release|Any CPU.Build.0 = Release|Any CPU
		{AB51527D-0517-4E32-BA24-D6DCCB3206F1}.Debug|Any CPU.ActiveCfg = Debug|Any CPU
		{AB51527D-0517-4E32-BA24-D6DCCB3206F1}.Debug|Any CPU.Build.0 = Debug|Any CPU
		{AB51527D-0517-4E32-BA24-D6DCCB3206F1}.Release|Any CPU.ActiveCfg = Release|Any CPU
		{AB51527D-0517-4E32-BA24-D6DCCB3206F1}.Release|Any CPU.Build.0 = Release|Any CPU
		{C668AFAC-FD69-473D-BDBF-3648C1EA1664}.Debug|Any CPU.ActiveCfg = Debug|Any CPU
		{C668AFAC-FD69-473D-BDBF-3648C1EA1664}.Debug|Any CPU.Build.0 = Debug|Any CPU
		{C668AFAC-FD69-473D-BDBF-3648C1EA1664}.Release|Any CPU.ActiveCfg = Release|Any CPU
		{C668AFAC-FD69-473D-BDBF-3648C1EA1664}.Release|Any CPU.Build.0 = Release|Any CPU
		{3C832D22-3374-4900-9D4E-8C2B85CA0835}.Debug|Any CPU.ActiveCfg = Debug|Any CPU
		{3C832D22-3374-4900-9D4E-8C2B85CA0835}.Debug|Any CPU.Build.0 = Debug|Any CPU
		{3C832D22-3374-4900-9D4E-8C2B85CA0835}.Release|Any CPU.ActiveCfg = Release|Any CPU
		{3C832D22-3374-4900-9D4E-8C2B85CA0835}.Release|Any CPU.Build.0 = Release|Any CPU
		{30273AAC-E8BF-44CF-8051-5D42825895EA}.Debug|Any CPU.ActiveCfg = Debug|Any CPU
		{30273AAC-E8BF-44CF-8051-5D42825895EA}.Debug|Any CPU.Build.0 = Debug|Any CPU
		{30273AAC-E8BF-44CF-8051-5D42825895EA}.Release|Any CPU.ActiveCfg = Release|Any CPU
		{30273AAC-E8BF-44CF-8051-5D42825895EA}.Release|Any CPU.Build.0 = Release|Any CPU
	EndGlobalSection
	GlobalSection(SolutionProperties) = preSolution
		HideSolutionNode = FALSE
	EndGlobalSection
	GlobalSection(NestedProjects) = preSolution
		{BB81DFD7-2D85-44E9-A2AE-F124AD45F80D} = {8FC859B5-550B-4F89-9AB1-5CBAA544F78A}
		{827BE4CB-9993-463F-8A6A-1712B475EDF0} = {AEC325FD-DE0A-4339-A1FC-C955E8167041}
		{B8876B3B-0E7F-4E76-A9D9-F4996F9AAC9C} = {8FC859B5-550B-4F89-9AB1-5CBAA544F78A}
		{3DA296AA-1D4D-4D5C-BF50-5FB726E81CF1} = {B8876B3B-0E7F-4E76-A9D9-F4996F9AAC9C}
		{697210E0-6CBD-4DF4-8C01-1E3015602840} = {8FC859B5-550B-4F89-9AB1-5CBAA544F78A}
		{664EB297-F9E9-4B2F-9544-7220F4C8AC4C} = {697210E0-6CBD-4DF4-8C01-1E3015602840}
		{1BC63D4E-46BC-4C44-8B99-13786CADAC29} = {8FC859B5-550B-4F89-9AB1-5CBAA544F78A}
		{DE177DB0-01D9-480A-B734-DA82FE6C0FEC} = {1BC63D4E-46BC-4C44-8B99-13786CADAC29}
		{6539EDEA-9519-48E6-88AA-BDF25DD58106} = {BB81DFD7-2D85-44E9-A2AE-F124AD45F80D}
		{0B91666C-129A-4F3D-83B3-02AC56457B65} = {BB81DFD7-2D85-44E9-A2AE-F124AD45F80D}
		{F0CC7682-F8C0-4B12-B77F-3FE02ABC9DFF} = {BB81DFD7-2D85-44E9-A2AE-F124AD45F80D}
		{A4D9BC17-71F7-452F-BFC9-5246F91CC32E} = {6539EDEA-9519-48E6-88AA-BDF25DD58106}
		{AB51527D-0517-4E32-BA24-D6DCCB3206F1} = {6539EDEA-9519-48E6-88AA-BDF25DD58106}
		{C668AFAC-FD69-473D-BDBF-3648C1EA1664} = {0B91666C-129A-4F3D-83B3-02AC56457B65}
		{3C832D22-3374-4900-9D4E-8C2B85CA0835} = {F0CC7682-F8C0-4B12-B77F-3FE02ABC9DFF}
		{30273AAC-E8BF-44CF-8051-5D42825895EA} = {0B91666C-129A-4F3D-83B3-02AC56457B65}
	EndGlobalSection
	GlobalSection(ExtensibilityGlobals) = postSolution
		SolutionGuid = {F7B944EC-67E1-49C4-A57C-E429820D1C51}
	EndGlobalSection
EndGlobal
